
Microsoft Visual Studio Solution File, Format Version 12.00
# Visual Studio Version 17
VisualStudioVersion = 17.10.35027.167
MinimumVisualStudioVersion = 10.0.40219.1
Project("{9A19103F-16F7-4668-BE54-9A1E7A4F7556}") = "MVC", "src\MVC\MVC.csproj", "{6E8D9FB0-2023-4123-ABD8-C9B727B9A58D}"
EndProject
Global
	GlobalSection(SolutionConfigurationPlatforms) = preSolution
		Debug|Any CPU = Debug|Any CPU
		Release|Any CPU = Release|Any CPU
	EndGlobalSection
	GlobalSection(ProjectConfigurationPlatforms) = postSolution
		{6E8D9FB0-2023-4123-ABD8-C9B727B9A58D}.Debug|Any CPU.ActiveCfg = Debug|Any CPU
		{6E8D9FB0-2023-4123-ABD8-C9B727B9A58D}.Debug|Any CPU.Build.0 = Debug|Any CPU
		{6E8D9FB0-2023-4123-ABD8-C9B727B9A58D}.Release|Any CPU.ActiveCfg = Release|Any CPU
		{6E8D9FB0-2023-4123-ABD8-C9B727B9A58D}.Release|Any CPU.Build.0 = Release|Any CPU
	EndGlobalSection
	GlobalSection(SolutionProperties) = preSolution
		HideSolutionNode = FALSE
	EndGlobalSection
	GlobalSection(ExtensibilityGlobals) = postSolution
		SolutionGuid = {C78FA3E5-D1D7-4BC9-AC6D-49353247061B}
	EndGlobalSection
EndGlobal
