
Microsoft Visual Studio Solution File, Format Version 12.00
# Visual Studio Version 17
VisualStudioVersion = 17.10.35027.167
MinimumVisualStudioVersion = 10.0.40219.1
Project("{FAE04EC0-301F-11D3-BF4B-00C04F79EFBC}") = "Entity Framework", "Entity Framework.csproj", "{227230CC-5C47-4F74-9BF0-B30DA5E119ED}"
EndProject
Global
	GlobalSection(SolutionConfigurationPlatforms) = preSolution
		Debug|Any CPU = Debug|Any CPU
		Release|Any CPU = Release|Any CPU
	EndGlobalSection
	GlobalSection(ProjectConfigurationPlatforms) = postSolution
		{227230CC-5C47-4F74-9BF0-B30DA5E119ED}.Debug|Any CPU.ActiveCfg = Debug|Any CPU
		{227230CC-5C47-4F74-9BF0-B30DA5E119ED}.Debug|Any CPU.Build.0 = Debug|Any CPU
		{227230CC-5C47-4F74-9BF0-B30DA5E119ED}.Release|Any CPU.ActiveCfg = Release|Any CPU
		{227230CC-5C47-4F74-9BF0-B30DA5E119ED}.Release|Any CPU.Build.0 = Release|Any CPU
	EndGlobalSection
	GlobalSection(SolutionProperties) = preSolution
		HideSolutionNode = FALSE
	EndGlobalSection
	GlobalSection(ExtensibilityGlobals) = postSolution
		SolutionGuid = {AD196101-2540-4C5C-B23D-980BAABCA5F6}
	EndGlobalSection
EndGlobal
